
Microsoft Visual Studio Solution File, Format Version 12.00
# Visual Studio Version 16
VisualStudioVersion = 16.0.30717.126
MinimumVisualStudioVersion = 10.0.40219.1
Project("{9A19103F-16F7-4668-BE54-9A1E7A4F7556}") = "Weather.DataAccess", "Weather.DataAccess\Weather.DataAccess.csproj", "{D0F86402-4091-4A55-A56C-5026B1E0C11A}"
EndProject
Project("{9A19103F-16F7-4668-BE54-9A1E7A4F7556}") = "Weather.Services", "Weather.Services\Weather.Services.csproj", "{29F9EAC5-E3C9-40FE-A974-A4F2908A4F75}"
EndProject
Project("{9A19103F-16F7-4668-BE54-9A1E7A4F7556}") = "WeatherApp", "WeatherApp\WeatherApp.csproj", "{43CFFDD9-CFA3-4B2C-869B-D1479D7467B3}"
EndProject
Global
	GlobalSection(SolutionConfigurationPlatforms) = preSolution
		Debug|Any CPU = Debug|Any CPU
		Release|Any CPU = Release|Any CPU
	EndGlobalSection
	GlobalSection(ProjectConfigurationPlatforms) = postSolution
		{D0F86402-4091-4A55-A56C-5026B1E0C11A}.Debug|Any CPU.ActiveCfg = Debug|Any CPU
		{D0F86402-4091-4A55-A56C-5026B1E0C11A}.Debug|Any CPU.Build.0 = Debug|Any CPU
		{D0F86402-4091-4A55-A56C-5026B1E0C11A}.Release|Any CPU.ActiveCfg = Release|Any CPU
		{D0F86402-4091-4A55-A56C-5026B1E0C11A}.Release|Any CPU.Build.0 = Release|Any CPU
		{29F9EAC5-E3C9-40FE-A974-A4F2908A4F75}.Debug|Any CPU.ActiveCfg = Debug|Any CPU
		{29F9EAC5-E3C9-40FE-A974-A4F2908A4F75}.Debug|Any CPU.Build.0 = Debug|Any CPU
		{29F9EAC5-E3C9-40FE-A974-A4F2908A4F75}.Release|Any CPU.ActiveCfg = Release|Any CPU
		{29F9EAC5-E3C9-40FE-A974-A4F2908A4F75}.Release|Any CPU.Build.0 = Release|Any CPU
		{43CFFDD9-CFA3-4B2C-869B-D1479D7467B3}.Debug|Any CPU.ActiveCfg = Debug|Any CPU
		{43CFFDD9-CFA3-4B2C-869B-D1479D7467B3}.Debug|Any CPU.Build.0 = Debug|Any CPU
		{43CFFDD9-CFA3-4B2C-869B-D1479D7467B3}.Release|Any CPU.ActiveCfg = Release|Any CPU
		{43CFFDD9-CFA3-4B2C-869B-D1479D7467B3}.Release|Any CPU.Build.0 = Release|Any CPU
	EndGlobalSection
	GlobalSection(SolutionProperties) = preSolution
		HideSolutionNode = FALSE
	EndGlobalSection
	GlobalSection(ExtensibilityGlobals) = postSolution
		SolutionGuid = {EC482F14-4599-4A8C-AC96-EADA5EF820B9}
	EndGlobalSection
EndGlobal
